
Microsoft Visual Studio Solution File, Format Version 12.00
# Visual Studio Version 16
VisualStudioVersion = 16.0.31112.23
MinimumVisualStudioVersion = 10.0.40219.1
Project("{FAE04EC0-301F-11D3-BF4B-00C04F79EFBC}") = "BlazorFormsValidation.Server", "BlazorFormsValidation\Server\BlazorFormsValidation.Server.csproj", "{139A3D4A-EE78-4222-AE62-64859663F072}"
EndProject
Project("{FAE04EC0-301F-11D3-BF4B-00C04F79EFBC}") = "BlazorFormsValidation.Client", "BlazorFormsValidation\Client\BlazorFormsValidation.Client.csproj", "{F695FB03-9045-4FED-BCBF-6C3F8F1F4B06}"
EndProject
Project("{FAE04EC0-301F-11D3-BF4B-00C04F79EFBC}") = "BlazorFormsValidation.Shared", "BlazorFormsValidation\Shared\BlazorFormsValidation.Shared.csproj", "{65C036FB-59B7-4FFA-991C-D63649A270E3}"
EndProject
Global
	GlobalSection(SolutionConfigurationPlatforms) = preSolution
		Debug|Any CPU = Debug|Any CPU
		Release|Any CPU = Release|Any CPU
	EndGlobalSection
	GlobalSection(ProjectConfigurationPlatforms) = postSolution
		{139A3D4A-EE78-4222-AE62-64859663F072}.Debug|Any CPU.ActiveCfg = Debug|Any CPU
		{139A3D4A-EE78-4222-AE62-64859663F072}.Debug|Any CPU.Build.0 = Debug|Any CPU
		{139A3D4A-EE78-4222-AE62-64859663F072}.Release|Any CPU.ActiveCfg = Release|Any CPU
		{139A3D4A-EE78-4222-AE62-64859663F072}.Release|Any CPU.Build.0 = Release|Any CPU
		{F695FB03-9045-4FED-BCBF-6C3F8F1F4B06}.Debug|Any CPU.ActiveCfg = Debug|Any CPU
		{F695FB03-9045-4FED-BCBF-6C3F8F1F4B06}.Debug|Any CPU.Build.0 = Debug|Any CPU
		{F695FB03-9045-4FED-BCBF-6C3F8F1F4B06}.Release|Any CPU.ActiveCfg = Release|Any CPU
		{F695FB03-9045-4FED-BCBF-6C3F8F1F4B06}.Release|Any CPU.Build.0 = Release|Any CPU
		{65C036FB-59B7-4FFA-991C-D63649A270E3}.Debug|Any CPU.ActiveCfg = Debug|Any CPU
		{65C036FB-59B7-4FFA-991C-D63649A270E3}.Debug|Any CPU.Build.0 = Debug|Any CPU
		{65C036FB-59B7-4FFA-991C-D63649A270E3}.Release|Any CPU.ActiveCfg = Release|Any CPU
		{65C036FB-59B7-4FFA-991C-D63649A270E3}.Release|Any CPU.Build.0 = Release|Any CPU
	EndGlobalSection
	GlobalSection(SolutionProperties) = preSolution
		HideSolutionNode = FALSE
	EndGlobalSection
	GlobalSection(ExtensibilityGlobals) = postSolution
		SolutionGuid = {A46F034D-3A4C-4525-8654-2040CCCB6781}
	EndGlobalSection
EndGlobal
